{
    "_meta": {
        "hash": {
            "sha256": "15ce53eaa49fa9a75e9a3e79404b51e22d3844e96f32745080199ae5280d5bc2"
        },
        "pipfile-spec": 6,
        "requires": {
            "python_version": "3.9"
        },
        "sources": [
            {
                "name": "pypi",
                "url": "https://pypi.org/simple",
                "verify_ssl": true
            }
        ]
    },
    "default": {
        "gitpull": {
            "editable": true,
            "file": "."
        }
    },
    "develop": {}
}
